# This file is automatically @generated by Poetry 1.7.1 and should not be changed by hand.

[[package]]
name = "arrow"
version = "1.2.3"
description = "Better dates & times for Python"
optional = false
python-versions = ">=3.6"
files = [
    {file = "arrow-1.2.3-py3-none-any.whl", hash = "sha256:5a49ab92e3b7b71d96cd6bfcc4df14efefc9dfa96ea19045815914a6ab6b1fe2"},
    {file = "arrow-1.2.3.tar.gz", hash = "sha256:3934b30ca1b9f292376d9db15b19446088d12ec58629bc3f0da28fd55fb633a1"},
]

[package.dependencies]
python-dateutil = ">=2.7.0"

[[package]]
name = "attrs"
version = "22.2.0"
description = "Classes Without Boilerplate"
optional = false
python-versions = ">=3.6"
files = [
    {file = "attrs-22.2.0-py3-none-any.whl", hash = "sha256:29e95c7f6778868dbd49170f98f8818f78f3dc5e0e37c0b1f474e3561b240836"},
    {file = "attrs-22.2.0.tar.gz", hash = "sha256:c9227bfc2f01993c03f68db37d1d15c9690188323c067c641f1a35ca58185f99"},
]

[package.extras]
cov = ["attrs[tests]", "coverage-enable-subprocess", "coverage[toml] (>=5.3)"]
dev = ["attrs[docs,tests]"]
docs = ["furo", "myst-parser", "sphinx", "sphinx-notfound-page", "sphinxcontrib-towncrier", "towncrier", "zope.interface"]
tests = ["attrs[tests-no-zope]", "zope.interface"]
tests-no-zope = ["cloudpickle", "cloudpickle", "hypothesis", "hypothesis", "mypy (>=0.971,<0.990)", "mypy (>=0.971,<0.990)", "pympler", "pympler", "pytest (>=4.3.0)", "pytest (>=4.3.0)", "pytest-mypy-plugins", "pytest-mypy-plugins", "pytest-xdist[psutil]", "pytest-xdist[psutil]"]

[[package]]
name = "black"
version = "23.3.0"
description = "The uncompromising code formatter."
optional = false
python-versions = ">=3.7"
files = [
    {file = "black-23.3.0-cp310-cp310-macosx_10_16_arm64.whl", hash = "sha256:0945e13506be58bf7db93ee5853243eb368ace1c08a24c65ce108986eac65915"},
    {file = "black-23.3.0-cp310-cp310-macosx_10_16_universal2.whl", hash = "sha256:67de8d0c209eb5b330cce2469503de11bca4085880d62f1628bd9972cc3366b9"},
    {file = "black-23.3.0-cp310-cp310-macosx_10_16_x86_64.whl", hash = "sha256:7c3eb7cea23904399866c55826b31c1f55bbcd3890ce22ff70466b907b6775c2"},
    {file = "black-23.3.0-cp310-cp310-manylinux_2_17_x86_64.manylinux2014_x86_64.whl", hash = "sha256:32daa9783106c28815d05b724238e30718f34155653d4d6e125dc7daec8e260c"},
    {file = "black-23.3.0-cp310-cp310-win_amd64.whl", hash = "sha256:35d1381d7a22cc5b2be2f72c7dfdae4072a3336060635718cc7e1ede24221d6c"},
    {file = "black-23.3.0-cp311-cp311-macosx_10_16_arm64.whl", hash = "sha256:a8a968125d0a6a404842fa1bf0b349a568634f856aa08ffaff40ae0dfa52e7c6"},
    {file = "black-23.3.0-cp311-cp311-macosx_10_16_universal2.whl", hash = "sha256:c7ab5790333c448903c4b721b59c0d80b11fe5e9803d8703e84dcb8da56fec1b"},
    {file = "black-23.3.0-cp311-cp311-macosx_10_16_x86_64.whl", hash = "sha256:a6f6886c9869d4daae2d1715ce34a19bbc4b95006d20ed785ca00fa03cba312d"},
    {file = "black-23.3.0-cp311-cp311-manylinux_2_17_x86_64.manylinux2014_x86_64.whl", hash = "sha256:6f3c333ea1dd6771b2d3777482429864f8e258899f6ff05826c3a4fcc5ce3f70"},
    {file = "black-23.3.0-cp311-cp311-win_amd64.whl", hash = "sha256:11c410f71b876f961d1de77b9699ad19f939094c3a677323f43d7a29855fe326"},
    {file = "black-23.3.0-cp37-cp37m-macosx_10_16_x86_64.whl", hash = "sha256:1d06691f1eb8de91cd1b322f21e3bfc9efe0c7ca1f0e1eb1db44ea367dff656b"},
    {file = "black-23.3.0-cp37-cp37m-manylinux_2_17_x86_64.manylinux2014_x86_64.whl", hash = "sha256:50cb33cac881766a5cd9913e10ff75b1e8eb71babf4c7104f2e9c52da1fb7de2"},
    {file = "black-23.3.0-cp37-cp37m-win_amd64.whl", hash = "sha256:e114420bf26b90d4b9daa597351337762b63039752bdf72bf361364c1aa05925"},
    {file = "black-23.3.0-cp38-cp38-macosx_10_16_arm64.whl", hash = "sha256:48f9d345675bb7fbc3dd85821b12487e1b9a75242028adad0333ce36ed2a6d27"},
    {file = "black-23.3.0-cp38-cp38-macosx_10_16_universal2.whl", hash = "sha256:714290490c18fb0126baa0fca0a54ee795f7502b44177e1ce7624ba1c00f2331"},
    {file = "black-23.3.0-cp38-cp38-macosx_10_16_x86_64.whl", hash = "sha256:064101748afa12ad2291c2b91c960be28b817c0c7eaa35bec09cc63aa56493c5"},
    {file = "black-23.3.0-cp38-cp38-manylinux_2_17_x86_64.manylinux2014_x86_64.whl", hash = "sha256:562bd3a70495facf56814293149e51aa1be9931567474993c7942ff7d3533961"},
    {file = "black-23.3.0-cp38-cp38-win_amd64.whl", hash = "sha256:e198cf27888ad6f4ff331ca1c48ffc038848ea9f031a3b40ba36aced7e22f2c8"},
    {file = "black-23.3.0-cp39-cp39-macosx_10_16_arm64.whl", hash = "sha256:3238f2aacf827d18d26db07524e44741233ae09a584273aa059066d644ca7b30"},
    {file = "black-23.3.0-cp39-cp39-macosx_10_16_universal2.whl", hash = "sha256:f0bd2f4a58d6666500542b26354978218a9babcdc972722f4bf90779524515f3"},
    {file = "black-23.3.0-cp39-cp39-macosx_10_16_x86_64.whl", hash = "sha256:92c543f6854c28a3c7f39f4d9b7694f9a6eb9d3c5e2ece488c327b6e7ea9b266"},
    {file = "black-23.3.0-cp39-cp39-manylinux_2_17_x86_64.manylinux2014_x86_64.whl", hash = "sha256:3a150542a204124ed00683f0db1f5cf1c2aaaa9cc3495b7a3b5976fb136090ab"},
    {file = "black-23.3.0-cp39-cp39-win_amd64.whl", hash = "sha256:6b39abdfb402002b8a7d030ccc85cf5afff64ee90fa4c5aebc531e3ad0175ddb"},
    {file = "black-23.3.0-py3-none-any.whl", hash = "sha256:ec751418022185b0c1bb7d7736e6933d40bbb14c14a0abcf9123d1b159f98dd4"},
    {file = "black-23.3.0.tar.gz", hash = "sha256:1c7b8d606e728a41ea1ccbd7264677e494e87cf630e399262ced92d4a8dac940"},
]

[package.dependencies]
click = ">=8.0.0"
mypy-extensions = ">=0.4.3"
packaging = ">=22.0"
pathspec = ">=0.9.0"
platformdirs = ">=2"
tomli = {version = ">=1.1.0", markers = "python_version < \"3.11\""}
typing-extensions = {version = ">=3.10.0.0", markers = "python_version < \"3.10\""}

[package.extras]
colorama = ["colorama (>=0.4.3)"]
d = ["aiohttp (>=3.7.4)"]
jupyter = ["ipython (>=7.8.0)", "tokenize-rt (>=3.2.0)"]
uvloop = ["uvloop (>=0.15.2)"]

[[package]]
name = "click"
version = "8.1.3"
description = "Composable command line interface toolkit"
optional = false
python-versions = ">=3.7"
files = [
    {file = "click-8.1.3-py3-none-any.whl", hash = "sha256:bb4d8133cb15a609f44e8213d9b391b0809795062913b383c62be0ee95b1db48"},
    {file = "click-8.1.3.tar.gz", hash = "sha256:7682dc8afb30297001674575ea00d1814d808d6a36af415a82bd481d37ba7b8e"},
]

[package.dependencies]
colorama = {version = "*", markers = "platform_system == \"Windows\""}

[[package]]
name = "colorama"
version = "0.4.6"
description = "Cross-platform colored terminal text."
optional = false
python-versions = "!=3.0.*,!=3.1.*,!=3.2.*,!=3.3.*,!=3.4.*,!=3.5.*,!=3.6.*,>=2.7"
files = [
    {file = "colorama-0.4.6-py2.py3-none-any.whl", hash = "sha256:4f1d9991f5acc0ca119f9d443620b77f9d6b33703e51011c16baf57afb285fc6"},
    {file = "colorama-0.4.6.tar.gz", hash = "sha256:08695f5cb7ed6e0531a20572697297273c47b8cae5a63ffc6d6ed5c201be6e44"},
]

[[package]]
name = "coverage"
version = "7.10.7"
description = "Code coverage measurement for Python"
optional = false
python-versions = ">=3.9"
files = [
    {file = "coverage-7.10.7-cp310-cp310-macosx_10_9_x86_64.whl", hash = "sha256:fc04cc7a3db33664e0c2d10eb8990ff6b3536f6842c9590ae8da4c614b9ed05a"},
    {file = "coverage-7.10.7-cp310-cp310-macosx_11_0_arm64.whl", hash = "sha256:e201e015644e207139f7e2351980feb7040e6f4b2c2978892f3e3789d1c125e5"},
    {file = "coverage-7.10.7-cp310-cp310-manylinux1_i686.manylinux_2_28_i686.manylinux_2_5_i686.whl", hash = "sha256:240af60539987ced2c399809bd34f7c78e8abe0736af91c3d7d0e795df633d17"},
    {file = "coverage-7.10.7-cp310-cp310-manylinux1_x86_64.manylinux_2_28_x86_64.manylinux_2_5_x86_64.whl", hash = "sha256:8421e088bc051361b01c4b3a50fd39a4b9133079a2229978d9d30511fd05231b"},
    {file = "coverage-7.10.7-cp310-cp310-manylinux2014_aarch64.manylinux_2_17_aarch64.manylinux_2_28_aarch64.whl", hash = "sha256:6be8ed3039ae7f7ac5ce058c308484787c86e8437e72b30bf5e88b8ea10f3c87"},
    {file = "coverage-7.10.7-cp310-cp310-manylinux_2_31_riscv64.manylinux_2_39_riscv64.whl", hash = "sha256:e28299d9f2e889e6d51b1f043f58d5f997c373cc12e6403b90df95b8b047c13e"},
    {file = "coverage-7.10.7-cp310-cp310-musllinux_1_2_aarch64.whl", hash = "sha256:c4e16bd7761c5e454f4efd36f345286d6f7c5fa111623c355691e2755cae3b9e"},
    {file = "coverage-7.10.7-cp310-cp310-musllinux_1_2_i686.whl", hash = "sha256:b1c81d0e5e160651879755c9c675b974276f135558cf4ba79fee7b8413a515df"},
    {file = "coverage-7.10.7-cp310-cp310-musllinux_1_2_riscv64.whl", hash = "sha256:606cc265adc9aaedcc84f1f064f0e8736bc45814f15a357e30fca7ecc01504e0"},
    {file = "coverage-7.10.7-cp310-cp310-musllinux_1_2_x86_64.whl", hash = "sha256:10b24412692df990dbc34f8fb1b6b13d236ace9dfdd68df5b28c2e39cafbba13"},
    {file = "coverage-7.10.7-cp310-cp310-win32.whl", hash = "sha256:b51dcd060f18c19290d9b8a9dd1e0181538df2ce0717f562fff6cf74d9fc0b5b"},
    {file = "coverage-7.10.7-cp310-cp310-win_amd64.whl", hash = "sha256:3a622ac801b17198020f09af3eaf45666b344a0d69fc2a6ffe2ea83aeef1d807"},
    {file = "coverage-7.10.7-cp311-cp311-macosx_10_9_x86_64.whl", hash = "sha256:a609f9c93113be646f44c2a0256d6ea375ad047005d7f57a5c15f614dc1b2f59"},
    {file = "coverage-7.10.7-cp311-cp311-macosx_11_0_arm64.whl", hash = "sha256:65646bb0359386e07639c367a22cf9b5bf6304e8630b565d0626e2bdf329227a"},
    {file = "coverage-7.10.7-cp311-cp311-manylinux1_i686.manylinux_2_28_i686.manylinux_2_5_i686.whl", hash = "sha256:5f33166f0dfcce728191f520bd2692914ec70fac2713f6bf3ce59c3deacb4699"},
    {file = "coverage-7.10.7-cp311-cp311-manylinux1_x86_64.manylinux_2_28_x86_64.manylinux_2_5_x86_64.whl", hash = "sha256:35f5e3f9e455bb17831876048355dca0f758b6df22f49258cb5a91da23ef437d"},
    {file = "coverage-7.10.7-cp311-cp311-manylinux2014_aarch64.manylinux_2_17_aarch64.manylinux_2_28_aarch64.whl", hash = "sha256:4da86b6d62a496e908ac2898243920c7992499c1712ff7c2b6d837cc69d9467e"},
    {file = "coverage-7.10.7-cp311-cp311-manylinux_2_31_riscv64.manylinux_2_39_riscv64.whl", hash = "sha256:6b8b09c1fad947c84bbbc95eca841350fad9cbfa5a2d7ca88ac9f8d836c92e23"},
    {file = "coverage-7.10.7-cp311-cp311-musllinux_1_2_aarch64.whl", hash = "sha256:4376538f36b533b46f8971d3a3e63464f2c7905c9800db97361c43a2b14792ab"},
    {file = "coverage-7.10.7-cp311-cp311-musllinux_1_2_i686.whl", hash = "sha256:121da30abb574f6ce6ae09840dae322bef734480ceafe410117627aa54f76d82"},
    {file = "coverage-7.10.7-cp311-cp311-musllinux_1_2_riscv64.whl", hash = "sha256:88127d40df529336a9836870436fc2751c339fbaed3a836d42c93f3e4bd1d0a2"},
    {file = "coverage-7.10.7-cp311-cp311-musllinux_1_2_x86_64.whl", hash = "sha256:ba58bbcd1b72f136080c0bccc2400d66cc6115f3f906c499013d065ac33a4b61"},
    {file = "coverage-7.10.7-cp311-cp311-win32.whl", hash = "sha256:972b9e3a4094b053a4e46832b4bc829fc8a8d347160eb39d03f1690316a99c14"},
    {file = "coverage-7.10.7-cp311-cp311-win_amd64.whl", hash = "sha256:a7b55a944a7f43892e28ad4bc0561dfd5f0d73e605d1aa5c3c976b52aea121d2"},
    {file = "coverage-7.10.7-cp311-cp311-win_arm64.whl", hash = "sha256:736f227fb490f03c6488f9b6d45855f8e0fd749c007f9303ad30efab0e73c05a"},
    {file = "coverage-7.10.7-cp312-cp312-macosx_10_13_x86_64.whl", hash = "sha256:7bb3b9ddb87ef7725056572368040c32775036472d5a033679d1fa6c8dc08417"},
    {file = "coverage-7.10.7-cp312-cp312-macosx_11_0_arm64.whl", hash = "sha256:18afb24843cbc175687225cab1138c95d262337f5473512010e46831aa0c2973"},
    {file = "coverage-7.10.7-cp312-cp312-manylinux1_i686.manylinux_2_28_i686.manylinux_2_5_i686.whl", hash = "sha256:399a0b6347bcd3822be369392932884b8216d0944049ae22925631a9b3d4ba4c"},
    {file = "coverage-7.10.7-cp312-cp312-manylinux1_x86_64.manylinux_2_28_x86_64.manylinux_2_5_x86_64.whl", hash = "sha256:314f2c326ded3f4b09be11bc282eb2fc861184bc95748ae67b360ac962770be7"},
    {file = "coverage-7.10.7-cp312-cp312-manylinux2014_aarch64.manylinux_2_17_aarch64.manylinux_2_28_aarch64.whl", hash = "sha256:c41e71c9cfb854789dee6fc51e46743a6d138b1803fab6cb860af43265b42ea6"},
    {file = "coverage-7.10.7-cp312-cp312-manylinux_2_31_riscv64.manylinux_2_39_riscv64.whl", hash = "sha256:bc01f57ca26269c2c706e838f6422e2a8788e41b3e3c65e2f41148212e57cd59"},
    {file = "coverage-7.10.7-cp312-cp312-musllinux_1_2_aarch64.whl", hash = "sha256:a6442c59a8ac8b85812ce33bc4d05bde3fb22321fa8294e2a5b487c3505f611b"},
    {file = "coverage-7.10.7-cp312-cp312-musllinux_1_2_i686.whl", hash = "sha256:78a384e49f46b80fb4c901d52d92abe098e78768ed829c673fbb53c498bef73a"},
    {file = "coverage-7.10.7-cp312-cp312-musllinux_1_2_riscv64.whl", hash = "sha256:5e1e9802121405ede4b0133aa4340ad8186a1d2526de5b7c3eca519db7bb89fb"},
    {file = "coverage-7.10.7-cp312-cp312-musllinux_1_2_x86_64.whl", hash = "sha256:d41213ea25a86f69efd1575073d34ea11aabe075604ddf3d148ecfec9e1e96a1"},
    {file = "coverage-7.10.7-cp312-cp312-win32.whl", hash = "sha256:77eb4c747061a6af8d0f7bdb31f1e108d172762ef579166ec84542f711d90256"},
    {file = "coverage-7.10.7-cp312-cp312-win_amd64.whl", hash = "sha256:f51328ffe987aecf6d09f3cd9d979face89a617eacdaea43e7b3080777f647ba"},
    {file = "coverage-7.10.7-cp312-cp312-win_arm64.whl", hash = "sha256:bda5e34f8a75721c96085903c6f2197dc398c20ffd98df33f866a9c8fd95f4bf"},
    {file = "coverage-7.10.7-cp313-cp313-macosx_10_13_x86_64.whl", hash = "sha256:981a651f543f2854abd3b5fcb3263aac581b18209be49863ba575de6edf4c14d"},
    {file = "coverage-7.10.7-cp313-cp313-macosx_11_0_arm64.whl", hash = "sha256:73ab1601f84dc804f7812dc297e93cd99381162da39c47040a827d4e8dafe63b"},
    {file = "coverage-7.10.7-cp313-cp313-manylinux1_i686.manylinux_2_28_i686.manylinux_2_5_i686.whl", hash = "sha256:a8b6f03672aa6734e700bbcd65ff050fd19cddfec4b031cc8cf1c6967de5a68e"},
    {file = "coverage-7.10.7-cp313-cp313-manylinux1_x86_64.manylinux_2_28_x86_64.manylinux_2_5_x86_64.whl", hash = "sha256:10b6ba00ab1132a0ce4428ff68cf50a25efd6840a42cdf4239c9b99aad83be8b"},
    {file = "coverage-7.10.7-cp313-cp313-manylinux2014_aarch64.manylinux_2_17_aarch64.manylinux_2_28_aarch64.whl", hash = "sha256:c79124f70465a150e89340de5963f936ee97097d2ef76c869708c4248c63ca49"},
    {file = "coverage-7.10.7-cp313-cp313-manylinux_2_31_riscv64.manylinux_2_39_riscv64.whl", hash = "sha256:69212fbccdbd5b0e39eac4067e20a4a5256609e209547d86f740d68ad4f04911"},
    {file = "coverage-7.10.7-cp313-cp313-musllinux_1_2_aarch64.whl", hash = "sha256:7ea7c6c9d0d286d04ed3541747e6597cbe4971f22648b68248f7ddcd329207f0"},
    {file = "coverage-7.10.7-cp313-cp313-musllinux_1_2_i686.whl", hash = "sha256:b9be91986841a75042b3e3243d0b3cb0b2434252b977baaf0cd56e960fe1e46f"},
    {file = "coverage-7.10.7-cp313-cp313-musllinux_1_2_riscv64.whl", hash = "sha256:b281d5eca50189325cfe1f365fafade89b14b4a78d9b40b05ddd1fc7d2a10a9c"},
    {file = "coverage-7.10.7-cp313-cp313-musllinux_1_2_x86_64.whl", hash = "sha256:99e4aa63097ab1118e75a848a28e40d68b08a5e19ce587891ab7fd04475e780f"},
    {file = "coverage-7.10.7-cp313-cp313-win32.whl", hash = "sha256:dc7c389dce432500273eaf48f410b37886be9208b2dd5710aaf7c57fd442c698"},
    {file = "coverage-7.10.7-cp313-cp313-win_amd64.whl", hash = "sha256:cac0fdca17b036af3881a9d2729a850b76553f3f716ccb0360ad4dbc06b3b843"},
    {file = "coverage-7.10.7-cp313-cp313-win_arm64.whl", hash = "sha256:4b6f236edf6e2f9ae8fcd1332da4e791c1b6ba0dc16a2dc94590ceccb482e546"},
    {file = "coverage-7.10.7-cp313-cp313t-macosx_10_13_x86_64.whl", hash = "sha256:a0ec07fd264d0745ee396b666d47cef20875f4ff2375d7c4f58235886cc1ef0c"},
    {file = "coverage-7.10.7-cp313-cp313t-macosx_11_0_arm64.whl", hash = "sha256:dd5e856ebb7bfb7672b0086846db5afb4567a7b9714b8a0ebafd211ec7ce6a15"},
    {file = "coverage-7.10.7-cp313-cp313t-manylinux1_i686.manylinux_2_28_i686.manylinux_2_5_i686.whl", hash = "sha256:f57b2a3c8353d3e04acf75b3fed57ba41f5c0646bbf1d10c7c282291c97936b4"},
    {file = "coverage-7.10.7-cp313-cp313t-manylinux1_x86_64.manylinux_2_28_x86_64.manylinux_2_5_x86_64.whl", hash = "sha256:1ef2319dd15a0b009667301a3f84452a4dc6fddfd06b0c5c53ea472d3989fbf0"},
    {file = "coverage-7.10.7-cp313-cp313t-manylinux2014_aarch64.manylinux_2_17_aarch64.manylinux_2_28_aarch64.whl", hash = "sha256:83082a57783239717ceb0ad584de3c69cf581b2a95ed6bf81ea66034f00401c0"},
    {file = "coverage-7.10.7-cp313-cp313t-manylinux_2_31_riscv64.manylinux_2_39_riscv64.whl", hash = "sha256:50aa94fb1fb9a397eaa19c0d5ec15a5edd03a47bf1a3a6111a16b36e190cff65"},
    {file = "coverage-7.10.7-cp313-cp313t-musllinux_1_2_aarch64.whl", hash = "sha256:2120043f147bebb41c85b97ac45dd173595ff14f2a584f2963891cbcc3091541"},
    {file = "coverage-7.10.7-cp313-cp313t-musllinux_1_2_i686.whl", hash = "sha256:2fafd773231dd0378fdba66d339f84904a8e57a262f583530f4f156ab83863e6"},
    {file = "coverage-7.10.7-cp313-cp313t-musllinux_1_2_riscv64.whl", hash = "sha256:0b944ee8459f515f28b851728ad224fa2d068f1513ef6b7ff1efafeb2185f999"},
    {file = "coverage-7.10.7-cp313-cp313t-musllinux_1_2_x86_64.whl", hash = "sha256:4b583b97ab2e3efe1b3e75248a9b333bd3f8b0b1b8e5b45578e05e5850dfb2c2"},
    {file = "coverage-7.10.7-cp313-cp313t-win32.whl", hash = "sha256:2a78cd46550081a7909b3329e2266204d584866e8d97b898cd7fb5ac8d888b1a"},
    {file = "coverage-7.10.7-cp313-cp313t-win_amd64.whl", hash = "sha256:33a5e6396ab684cb43dc7befa386258acb2d7fae7f67330ebb85ba4ea27938eb"},
    {file = "coverage-7.10.7-cp313-cp313t-win_arm64.whl", hash = "sha256:86b0e7308289ddde73d863b7683f596d8d21c7d8664ce1dee061d0bcf3fbb4bb"},
    {file = "coverage-7.10.7-cp314-cp314-macosx_10_13_x86_64.whl", hash = "sha256:b06f260b16ead11643a5a9f955bd4b5fd76c1a4c6796aeade8520095b75de520"},
    {file = "coverage-7.10.7-cp314-cp314-macosx_11_0_arm64.whl", hash = "sha256:212f8f2e0612778f09c55dd4872cb1f64a1f2b074393d139278ce902064d5b32"},
    {file = "coverage-7.10.7-cp314-cp314-manylinux1_i686.manylinux_2_28_i686.manylinux_2_5_i686.whl", hash = "sha256:3445258bcded7d4aa630ab8296dea4d3f15a255588dd535f980c193ab6b95f3f"},
    {file = "coverage-7.10.7-cp314-cp314-manylinux1_x86_64.manylinux_2_28_x86_64.manylinux_2_5_x86_64.whl", hash = "sha256:bb45474711ba385c46a0bfe696c695a929ae69ac636cda8f532be9e8c93d720a"},
    {file = "coverage-7.10.7-cp314-cp314-manylinux2014_aarch64.manylinux_2_17_aarch64.manylinux_2_28_aarch64.whl", hash = "sha256:813922f35bd800dca9994c5971883cbc0d291128a5de6b167c7aa697fcf59360"},
    {file = "coverage-7.10.7-cp314-cp314-manylinux_2_31_riscv64.manylinux_2_39_riscv64.whl", hash = "sha256:93c1b03552081b2a4423091d6fb3787265b8f86af404cff98d1b5342713bdd69"},
    {file = "coverage-7.10.7-cp314-cp314-musllinux_1_2_aarch64.whl", hash = "sha256:cc87dd1b6eaf0b848eebb1c86469b9f72a1891cb42ac7adcfbce75eadb13dd14"},
    {file = "coverage-7.10.7-cp314-cp314-musllinux_1_2_i686.whl", hash = "sha256:39508ffda4f343c35f3236fe8d1a6634a51f4581226a1262769d7f970e73bffe"},
    {file = "coverage-7.10.7-cp314-cp314-musllinux_1_2_riscv64.whl", hash = "sha256:925a1edf3d810537c5a3abe78ec5530160c5f9a26b1f4270b40e62cc79304a1e"},
    {file = "coverage-7.10.7-cp314-cp314-musllinux_1_2_x86_64.whl", hash = "sha256:2c8b9a0636f94c43cd3576811e05b89aa9bc2d0a85137affc544ae5cb0e4bfbd"},
    {file = "coverage-7.10.7-cp314-cp314-win32.whl", hash = "sha256:b7b8288eb7cdd268b0304632da8cb0bb93fadcfec2fe5712f7b9cc8f4d487be2"},
    {file = "coverage-7.10.7-cp314-cp314-win_amd64.whl", hash = "sha256:1ca6db7c8807fb9e755d0379ccc39017ce0a84dcd26d14b5a03b78563776f681"},
    {file = "coverage-7.10.7-cp314-cp314-win_arm64.whl", hash = "sha256:097c1591f5af4496226d5783d036bf6fd6cd0cbc132e071b33861de756efb880"},
    {file = "coverage-7.10.7-cp314-cp314t-macosx_10_13_x86_64.whl", hash = "sha256:a62c6ef0d50e6de320c270ff91d9dd0a05e7250cac2a800b7784bae474506e63"},
    {file = "coverage-7.10.7-cp314-cp314t-macosx_11_0_arm64.whl", hash = "sha256:9fa6e4dd51fe15d8738708a973470f67a855ca50002294852e9571cdbd9433f2"},
    {file = "coverage-7.10.7-cp314-cp314t-manylinux1_i686.manylinux_2_28_i686.manylinux_2_5_i686.whl", hash = "sha256:8fb190658865565c549b6b4706856d6a7b09302c797eb2cf8e7fe9dabb043f0d"},
    {file = "coverage-7.10.7-cp314-cp314t-manylinux1_x86_64.manylinux_2_28_x86_64.manylinux_2_5_x86_64.whl", hash = "sha256:affef7c76a9ef259187ef31599a9260330e0335a3011732c4b9effa01e1cd6e0"},
    {file = "coverage-7.10.7-cp314-cp314t-manylinux2014_aarch64.manylinux_2_17_aarch64.manylinux_2_28_aarch64.whl", hash = "sha256:6e16e07d85ca0cf8bafe5f5d23a0b850064e8e945d5677492b06bbe6f09cc699"},
    {file = "coverage-7.10.7-cp314-cp314t-manylinux_2_31_riscv64.manylinux_2_39_riscv64.whl", hash = "sha256:03ffc58aacdf65d2a82bbeb1ffe4d01ead4017a21bfd0454983b88ca73af94b9"},
    {file = "coverage-7.10.7-cp314-cp314t-musllinux_1_2_aarch64.whl", hash = "sha256:1b4fd784344d4e52647fd7857b2af5b3fbe6c239b0b5fa63e94eb67320770e0f"},
    {file = "coverage-7.10.7-cp314-cp314t-musllinux_1_2_i686.whl", hash = "sha256:0ebbaddb2c19b71912c6f2518e791aa8b9f054985a0769bdb3a53ebbc765c6a1"},
    {file = "coverage-7.10.7-cp314-cp314t-musllinux_1_2_riscv64.whl", hash = "sha256:a2d9a3b260cc1d1dbdb1c582e63ddcf5363426a1a68faa0f5da28d8ee3c722a0"},
    {file = "coverage-7.10.7-cp314-cp314t-musllinux_1_2_x86_64.whl", hash = "sha256:a3cc8638b2480865eaa3926d192e64ce6c51e3d29c849e09d5b4ad95efae5399"},
    {file = "coverage-7.10.7-cp314-cp314t-win32.whl", hash = "sha256:67f8c5cbcd3deb7a60b3345dffc89a961a484ed0af1f6f73de91705cc6e31235"},
    {file = "coverage-7.10.7-cp314-cp314t-win_amd64.whl", hash = "sha256:e1ed71194ef6dea7ed2d5cb5f7243d4bcd334bfb63e59878519be558078f848d"},
    {file = "coverage-7.10.7-cp314-cp314t-win_arm64.whl", hash = "sha256:7fe650342addd8524ca63d77b2362b02345e5f1a093266787d210c70a50b471a"},
    {file = "coverage-7.10.7-cp39-cp39-macosx_10_9_x86_64.whl", hash = "sha256:fff7b9c3f19957020cac546c70025331113d2e61537f6e2441bc7657913de7d3"},
    {file = "coverage-7.10.7-cp39-cp39-macosx_11_0_arm64.whl", hash = "sha256:bc91b314cef27742da486d6839b677b3f2793dfe52b51bbbb7cf736d5c29281c"},
    {file = "coverage-7.10.7-cp39-cp39-manylinux1_i686.manylinux_2_28_i686.manylinux_2_5_i686.whl", hash = "sha256:567f5c155eda8df1d3d439d40a45a6a5f029b429b06648235f1e7e51b522b396"},
    {file = "coverage-7.10.7-cp39-cp39-manylinux1_x86_64.manylinux_2_28_x86_64.manylinux_2_5_x86_64.whl", hash = "sha256:2af88deffcc8a4d5974cf2d502251bc3b2db8461f0b66d80a449c33757aa9f40"},
    {file = "coverage-7.10.7-cp39-cp39-manylinux2014_aarch64.manylinux_2_17_aarch64.manylinux_2_28_aarch64.whl", hash = "sha256:c7315339eae3b24c2d2fa1ed7d7a38654cba34a13ef19fbcb9425da46d3dc594"},
    {file = "coverage-7.10.7-cp39-cp39-manylinux_2_31_riscv64.manylinux_2_39_riscv64.whl", hash = "sha256:912e6ebc7a6e4adfdbb1aec371ad04c68854cd3bf3608b3514e7ff9062931d8a"},
    {file = "coverage-7.10.7-cp39-cp39-musllinux_1_2_aarch64.whl", hash = "sha256:f49a05acd3dfe1ce9715b657e28d138578bc40126760efb962322c56e9ca344b"},
    {file = "coverage-7.10.7-cp39-cp39-musllinux_1_2_i686.whl", hash = "sha256:cce2109b6219f22ece99db7644b9622f54a4e915dad65660ec435e89a3ea7cc3"},
    {file = "coverage-7.10.7-cp39-cp39-musllinux_1_2_riscv64.whl", hash = "sha256:f3c887f96407cea3916294046fc7dab611c2552beadbed4ea901cbc6a40cc7a0"},
    {file = "coverage-7.10.7-cp39-cp39-musllinux_1_2_x86_64.whl", hash = "sha256:635adb9a4507c9fd2ed65f39693fa31c9a3ee3a8e6dc64df033e8fdf52a7003f"},
    {file = "coverage-7.10.7-cp39-cp39-win32.whl", hash = "sha256:5a02d5a850e2979b0a014c412573953995174743a3f7fa4ea5a6e9a3c5617431"},
    {file = "coverage-7.10.7-cp39-cp39-win_amd64.whl", hash = "sha256:c134869d5ffe34547d14e174c866fd8fe2254918cc0a95e99052903bc1543e07"},
    {file = "coverage-7.10.7-py3-none-any.whl", hash = "sha256:f7941f6f2fe6dd6807a1208737b8a0cbcf1cc6d7b07d24998ad2d63590868260"},
    {file = "coverage-7.10.7.tar.gz", hash = "sha256:f4ab143ab113be368a3e9b795f9cd7906c5ef407d6173fe9675a902e1fffc239"},
]

[package.dependencies]
tomli = {version = "*", optional = true, markers = "python_full_version <= \"3.11.0a6\" and extra == \"toml\""}

[package.extras]
toml = ["tomli"]

[[package]]
name = "coverage-threshold"
version = "0.4.4"
description = "Tools for coverage threshold limits"
optional = false
python-versions = ">=3.7"
files = [
    {file = "coverage_threshold-0.4.4-py3-none-any.whl", hash = "sha256:0668e63470ff918fe989af6a4917bfe133e663d25970a306dd0693a3f377f2fb"},
    {file = "coverage_threshold-0.4.4.tar.gz", hash = "sha256:bfd521df1c730e8e34ed66fe95dfa8f079760e763c611cabe84b0779e007898a"},
]

[package.dependencies]
toml = ">=0.10.2"

[[package]]
name = "exceptiongroup"
version = "1.1.1"
description = "Backport of PEP 654 (exception groups)"
optional = false
python-versions = ">=3.7"
files = [
    {file = "exceptiongroup-1.1.1-py3-none-any.whl", hash = "sha256:232c37c63e4f682982c8b6459f33a8981039e5fb8756b2074364e5055c498c9e"},
    {file = "exceptiongroup-1.1.1.tar.gz", hash = "sha256:d484c3090ba2889ae2928419117447a14daf3c1231d5e30d0aae34f354f01785"},
]

[package.extras]
test = ["pytest (>=6)"]

[[package]]
name = "faker"
version = "17.6.0"
description = "Faker is a Python package that generates fake data for you."
optional = false
python-versions = ">=3.7"
files = [
    {file = "Faker-17.6.0-py3-none-any.whl", hash = "sha256:5aaa16fa9cfde7d117eef70b6b293a705021e57158f3fa6b44ed1b70202d2065"},
    {file = "Faker-17.6.0.tar.gz", hash = "sha256:51f37ff9df710159d6d736d0ba1c75e063430a8c806b91334d7794305b5a6114"},
]

[package.dependencies]
python-dateutil = ">=2.4"

[[package]]
name = "flake8"
version = "6.0.0"
description = "the modular source code checker: pep8 pyflakes and co"
optional = false
python-versions = ">=3.8.1"
files = [
    {file = "flake8-6.0.0-py2.py3-none-any.whl", hash = "sha256:3833794e27ff64ea4e9cf5d410082a8b97ff1a06c16aa3d2027339cd0f1195c7"},
    {file = "flake8-6.0.0.tar.gz", hash = "sha256:c61007e76655af75e6785a931f452915b371dc48f56efd765247c8fe68f2b181"},
]

[package.dependencies]
mccabe = ">=0.7.0,<0.8.0"
pycodestyle = ">=2.10.0,<2.11.0"
pyflakes = ">=3.0.0,<3.1.0"

[[package]]
name = "iniconfig"
version = "2.0.0"
description = "brain-dead simple config-ini parsing"
optional = false
python-versions = ">=3.7"
files = [
    {file = "iniconfig-2.0.0-py3-none-any.whl", hash = "sha256:b6a85871a79d2e3b22d2d1b94ac2824226a63c6b741c88f7ae975f18b6778374"},
    {file = "iniconfig-2.0.0.tar.gz", hash = "sha256:2d91e135bf72d31a410b17c16da610a82cb55f6b0477d1a902134b24a455b8b3"},
]

[[package]]
name = "isort"
version = "5.12.0"
description = "A Python utility / library to sort Python imports."
optional = false
python-versions = ">=3.8.0"
files = [
    {file = "isort-5.12.0-py3-none-any.whl", hash = "sha256:f84c2818376e66cf843d497486ea8fed8700b340f308f076c6fb1229dff318b6"},
    {file = "isort-5.12.0.tar.gz", hash = "sha256:8bef7dde241278824a6d83f44a544709b065191b95b6e50894bdc722fcba0504"},
]

[package.extras]
colors = ["colorama (>=0.4.3)"]
pipfile-deprecated-finder = ["pip-shims (>=0.5.2)", "pipreqs", "requirementslib"]
plugins = ["setuptools"]
requirements-deprecated-finder = ["pip-api", "pipreqs"]

[[package]]
name = "markdown-it-py"
version = "2.2.0"
description = "Python port of markdown-it. Markdown parsing, done right!"
optional = false
python-versions = ">=3.7"
files = [
    {file = "markdown-it-py-2.2.0.tar.gz", hash = "sha256:7c9a5e412688bc771c67432cbfebcdd686c93ce6484913dccf06cb5a0bea35a1"},
    {file = "markdown_it_py-2.2.0-py3-none-any.whl", hash = "sha256:5a35f8d1870171d9acc47b99612dc146129b631baf04970128b568f190d0cc30"},
]

[package.dependencies]
mdurl = ">=0.1,<1.0"

[package.extras]
benchmarking = ["psutil", "pytest", "pytest-benchmark"]
code-style = ["pre-commit (>=3.0,<4.0)"]
compare = ["commonmark (>=0.9,<1.0)", "markdown (>=3.4,<4.0)", "mistletoe (>=1.0,<2.0)", "mistune (>=2.0,<3.0)", "panflute (>=2.3,<3.0)"]
linkify = ["linkify-it-py (>=1,<3)"]
plugins = ["mdit-py-plugins"]
profiling = ["gprof2dot"]
rtd = ["attrs", "myst-parser", "pyyaml", "sphinx", "sphinx-copybutton", "sphinx-design", "sphinx_book_theme"]
testing = ["coverage", "pytest", "pytest-cov", "pytest-regressions"]

[[package]]
name = "mccabe"
version = "0.7.0"
description = "McCabe checker, plugin for flake8"
optional = false
python-versions = ">=3.6"
files = [
    {file = "mccabe-0.7.0-py2.py3-none-any.whl", hash = "sha256:6c2d30ab6be0e4a46919781807b4f0d834ebdd6c6e3dca0bda5a15f863427b6e"},
    {file = "mccabe-0.7.0.tar.gz", hash = "sha256:348e0240c33b60bbdf4e523192ef919f28cb2c3d7d5c7794f74009290f236325"},
]

[[package]]
name = "mdurl"
version = "0.1.2"
description = "Markdown URL utilities"
optional = false
python-versions = ">=3.7"
files = [
    {file = "mdurl-0.1.2-py3-none-any.whl", hash = "sha256:84008a41e51615a49fc9966191ff91509e3c40b939176e643fd50a5c2196b8f8"},
    {file = "mdurl-0.1.2.tar.gz", hash = "sha256:bb413d29f5eea38f31dd4754dd7377d4465116fb207585f97bf925588687c1ba"},
]

[[package]]
name = "mypy-extensions"
version = "1.0.0"
description = "Type system extensions for programs checked with the mypy type checker."
optional = false
python-versions = ">=3.5"
files = [
    {file = "mypy_extensions-1.0.0-py3-none-any.whl", hash = "sha256:4392f6c0eb8a5668a69e23d168ffa70f0be9ccfd32b5cc2d26a34ae5b844552d"},
    {file = "mypy_extensions-1.0.0.tar.gz", hash = "sha256:75dbf8955dc00442a438fc4d0666508a9a97b6bd41aa2f0ffe9d2f2725af0782"},
]

[[package]]
name = "packaging"
version = "23.0"
description = "Core utilities for Python packages"
optional = false
python-versions = ">=3.7"
files = [
    {file = "packaging-23.0-py3-none-any.whl", hash = "sha256:714ac14496c3e68c99c29b00845f7a2b85f3bb6f1078fd9f72fd20f0570002b2"},
    {file = "packaging-23.0.tar.gz", hash = "sha256:b6ad297f8907de0fa2fe1ccbd26fdaf387f5f47c7275fedf8cce89f99446cf97"},
]

[[package]]
name = "pathspec"
version = "0.11.1"
description = "Utility library for gitignore style pattern matching of file paths."
optional = false
python-versions = ">=3.7"
files = [
    {file = "pathspec-0.11.1-py3-none-any.whl", hash = "sha256:d8af70af76652554bd134c22b3e8a1cc46ed7d91edcdd721ef1a0c51a84a5293"},
    {file = "pathspec-0.11.1.tar.gz", hash = "sha256:2798de800fa92780e33acca925945e9a19a133b715067cf165b8866c15a31687"},
]

[[package]]
name = "platformdirs"
version = "3.1.1"
description = "A small Python package for determining appropriate platform-specific dirs, e.g. a \"user data dir\"."
optional = false
python-versions = ">=3.7"
files = [
    {file = "platformdirs-3.1.1-py3-none-any.whl", hash = "sha256:e5986afb596e4bb5bde29a79ac9061aa955b94fca2399b7aaac4090860920dd8"},
    {file = "platformdirs-3.1.1.tar.gz", hash = "sha256:024996549ee88ec1a9aa99ff7f8fc819bb59e2c3477b410d90a16d32d6e707aa"},
]

[package.extras]
docs = ["furo (>=2022.12.7)", "proselint (>=0.13)", "sphinx (>=6.1.3)", "sphinx-autodoc-typehints (>=1.22,!=1.23.4)"]
test = ["appdirs (==1.4.4)", "covdefaults (>=2.2.2)", "pytest (>=7.2.1)", "pytest-cov (>=4)", "pytest-mock (>=3.10)"]

[[package]]
name = "pluggy"
version = "1.0.0"
description = "plugin and hook calling mechanisms for python"
optional = false
python-versions = ">=3.6"
files = [
    {file = "pluggy-1.0.0-py2.py3-none-any.whl", hash = "sha256:74134bbf457f031a36d68416e1509f34bd5ccc019f0bcc952c7b909d06b37bd3"},
    {file = "pluggy-1.0.0.tar.gz", hash = "sha256:4224373bacce55f955a878bf9cfa763c1e360858e330072059e10bad68531159"},
]

[package.extras]
dev = ["pre-commit", "tox"]
testing = ["pytest", "pytest-benchmark"]

[[package]]
name = "pprintpp"
version = "0.4.0"
description = "A drop-in replacement for pprint that's actually pretty"
optional = false
python-versions = "*"
files = [
    {file = "pprintpp-0.4.0-py2.py3-none-any.whl", hash = "sha256:b6b4dcdd0c0c0d75e4d7b2f21a9e933e5b2ce62b26e1a54537f9651ae5a5c01d"},
    {file = "pprintpp-0.4.0.tar.gz", hash = "sha256:ea826108e2c7f49dc6d66c752973c3fc9749142a798d6b254e1e301cfdbc6403"},
]

[[package]]
name = "pycodestyle"
version = "2.10.0"
description = "Python style guide checker"
optional = false
python-versions = ">=3.6"
files = [
    {file = "pycodestyle-2.10.0-py2.py3-none-any.whl", hash = "sha256:8a4eaf0d0495c7395bdab3589ac2db602797d76207242c17d470186815706610"},
    {file = "pycodestyle-2.10.0.tar.gz", hash = "sha256:347187bdb476329d98f695c213d7295a846d1152ff4fe9bacb8a9590b8ee7053"},
]

[[package]]
name = "pyflakes"
version = "3.0.1"
description = "passive checker of Python programs"
optional = false
python-versions = ">=3.6"
files = [
    {file = "pyflakes-3.0.1-py2.py3-none-any.whl", hash = "sha256:ec55bf7fe21fff7f1ad2f7da62363d749e2a470500eab1b555334b67aa1ef8cf"},
    {file = "pyflakes-3.0.1.tar.gz", hash = "sha256:ec8b276a6b60bd80defed25add7e439881c19e64850afd9b346283d4165fd0fd"},
]

[[package]]
name = "pygments"
version = "2.15.0"
description = "Pygments is a syntax highlighting package written in Python."
optional = false
python-versions = ">=3.7"
files = [
    {file = "Pygments-2.15.0-py3-none-any.whl", hash = "sha256:77a3299119af881904cd5ecd1ac6a66214b6e9bed1f2db16993b54adede64094"},
    {file = "Pygments-2.15.0.tar.gz", hash = "sha256:f7e36cffc4c517fbc252861b9a6e4644ca0e5abadf9a113c72d1358ad09b9500"},
]

[package.extras]
plugins = ["importlib-metadata"]

[[package]]
name = "pytest"
version = "7.2.2"
description = "pytest: simple powerful testing with Python"
optional = false
python-versions = ">=3.7"
files = [
    {file = "pytest-7.2.2-py3-none-any.whl", hash = "sha256:130328f552dcfac0b1cec75c12e3f005619dc5f874f0a06e8ff7263f0ee6225e"},
    {file = "pytest-7.2.2.tar.gz", hash = "sha256:c99ab0c73aceb050f68929bc93af19ab6db0558791c6a0715723abe9d0ade9d4"},
]

[package.dependencies]
attrs = ">=19.2.0"
colorama = {version = "*", markers = "sys_platform == \"win32\""}
exceptiongroup = {version = ">=1.0.0rc8", markers = "python_version < \"3.11\""}
iniconfig = "*"
packaging = "*"
pluggy = ">=0.12,<2.0"
tomli = {version = ">=1.0.0", markers = "python_version < \"3.11\""}

[package.extras]
testing = ["argcomplete", "hypothesis (>=3.56)", "mock", "nose", "pygments (>=2.7.2)", "requests", "xmlschema"]

[[package]]
name = "pytest-clarity"
version = "1.0.1"
description = "A plugin providing an alternative, colourful diff output for failing assertions."
optional = false
python-versions = ">=2.7, !=3.0.*, !=3.1.*, !=3.2.*, !=3.3.*"
files = [
    {file = "pytest-clarity-1.0.1.tar.gz", hash = "sha256:505fe345fad4fe11c6a4187fe683f2c7c52c077caa1e135f3e483fe112db7772"},
]

[package.dependencies]
pprintpp = ">=0.4.0"
pytest = ">=3.5.0"
rich = ">=8.0.0"

[[package]]
name = "pytest-cov"
version = "4.0.0"
description = "Pytest plugin for measuring coverage."
optional = false
python-versions = ">=3.6"
files = [
    {file = "pytest-cov-4.0.0.tar.gz", hash = "sha256:996b79efde6433cdbd0088872dbc5fb3ed7fe1578b68cdbba634f14bb8dd0470"},
    {file = "pytest_cov-4.0.0-py3-none-any.whl", hash = "sha256:2feb1b751d66a8bd934e5edfa2e961d11309dc37b73b0eabe73b5945fee20f6b"},
]

[package.dependencies]
coverage = {version = ">=5.2.1", extras = ["toml"]}
pytest = ">=4.6"

[package.extras]
testing = ["fields", "hunter", "process-tests", "pytest-xdist", "six", "virtualenv"]

[[package]]
name = "pytest-random-order"
version = "1.1.1"
description = "Randomise the order in which pytest tests are run with some control over the randomness"
optional = false
python-versions = ">=3.5.0"
files = [
    {file = "pytest-random-order-1.1.1.tar.gz", hash = "sha256:4472d7d34f1f1c5f3a359c4ffc5c13ed065232f31eca19c8844c1ab406e79080"},
    {file = "pytest_random_order-1.1.1-py3-none-any.whl", hash = "sha256:882727a8b597ecd06ede28654ffeb8a6d511a1e4abe1054cca7982f2e42008cd"},
]

[package.dependencies]
pytest = ">=3.0.0"

[[package]]
name = "pytest-repeat"
version = "0.9.3"
description = "pytest plugin for repeating tests"
optional = false
python-versions = ">=3.7"
files = [
    {file = "pytest_repeat-0.9.3-py3-none-any.whl", hash = "sha256:26ab2df18226af9d5ce441c858f273121e92ff55f5bb311d25755b8d7abdd8ed"},
    {file = "pytest_repeat-0.9.3.tar.gz", hash = "sha256:ffd3836dfcd67bb270bec648b330e20be37d2966448c4148c4092d1e8aba8185"},
]

[package.dependencies]
pytest = "*"

[[package]]
name = "python-dateutil"
version = "2.8.2"
description = "Extensions to the standard Python datetime module"
optional = false
python-versions = "!=3.0.*,!=3.1.*,!=3.2.*,>=2.7"
files = [
    {file = "python-dateutil-2.8.2.tar.gz", hash = "sha256:0123cacc1627ae19ddf3c27a5de5bd67ee4586fbdd6440d9748f8abb483d3e86"},
    {file = "python_dateutil-2.8.2-py2.py3-none-any.whl", hash = "sha256:961d03dc3453ebbc59dbdea9e4e11c5651520a876d0f4db161e8674aae935da9"},
]

[package.dependencies]
six = ">=1.5"

[[package]]
name = "rich"
version = "13.3.2"
description = "Render rich text, tables, progress bars, syntax highlighting, markdown and more to the terminal"
optional = false
python-versions = ">=3.7.0"
files = [
    {file = "rich-13.3.2-py3-none-any.whl", hash = "sha256:a104f37270bf677148d8acb07d33be1569eeee87e2d1beb286a4e9113caf6f2f"},
    {file = "rich-13.3.2.tar.gz", hash = "sha256:91954fe80cfb7985727a467ca98a7618e5dd15178cc2da10f553b36a93859001"},
]

[package.dependencies]
markdown-it-py = ">=2.2.0,<3.0.0"
pygments = ">=2.13.0,<3.0.0"

[package.extras]
jupyter = ["ipywidgets (>=7.5.1,<9)"]

[[package]]
name = "ruff"
version = "0.0.257"
description = "An extremely fast Python linter, written in Rust."
optional = false
python-versions = ">=3.7"
files = [
    {file = "ruff-0.0.257-py3-none-macosx_10_7_x86_64.whl", hash = "sha256:7280640690c1d0046b20e0eb924319a89d8e22925d7d232180ce31196e7478f8"},
    {file = "ruff-0.0.257-py3-none-macosx_10_9_x86_64.macosx_11_0_arm64.macosx_10_9_universal2.whl", hash = "sha256:4582b73da61ab410ffda35b2987a6eacb33f18263e1c91810f0b9779ec4f41a9"},
    {file = "ruff-0.0.257-py3-none-manylinux_2_17_aarch64.manylinux2014_aarch64.whl", hash = "sha256:5acae9878f1136893e266348acdb9d30dfae23c296d3012043816432a5abdd51"},
    {file = "ruff-0.0.257-py3-none-manylinux_2_17_armv7l.manylinux2014_armv7l.whl", hash = "sha256:d9f0912d045eee15e8e02e335c16d7a7f9fb6821aa5eb1628eeb5bbfa3d88908"},
    {file = "ruff-0.0.257-py3-none-manylinux_2_17_i686.manylinux2014_i686.whl", hash = "sha256:4a9542c34ee5298b31be6c6ba304f14b672dcf104846ee65adb2466d3e325870"},
    {file = "ruff-0.0.257-py3-none-manylinux_2_17_ppc64.manylinux2014_ppc64.whl", hash = "sha256:3464f1ad4cea6c4b9325da13ae306bd22bf15d226e18d19c52db191b1f4355ac"},
    {file = "ruff-0.0.257-py3-none-manylinux_2_17_ppc64le.manylinux2014_ppc64le.whl", hash = "sha256:5a54bfd559e558ee0df2a2f3756423fe6a9de7307bc290d807c3cdf351cb4c24"},
    {file = "ruff-0.0.257-py3-none-manylinux_2_17_s390x.manylinux2014_s390x.whl", hash = "sha256:3438fd38446e1a0915316f4085405c9feca20fe00a4b614995ab7034dbfaa7ff"},
    {file = "ruff-0.0.257-py3-none-manylinux_2_17_x86_64.manylinux2014_x86_64.whl", hash = "sha256:358cc2b547bd6451dcf2427b22a9c29a2d9c34e66576c693a6381c5f2ed3011d"},
    {file = "ruff-0.0.257-py3-none-musllinux_1_2_aarch64.whl", hash = "sha256:783390f1e94a168c79d7004426dae3e4ae2999cc85f7d00fdd86c62262b71854"},
    {file = "ruff-0.0.257-py3-none-musllinux_1_2_armv7l.whl", hash = "sha256:aaa3b5b6929c63a854b6bcea7a229453b455ab26337100b2905fae4523ca5667"},
    {file = "ruff-0.0.257-py3-none-musllinux_1_2_i686.whl", hash = "sha256:4ecd7a84db4816df2dcd0f11c5365a9a2cf4fa70a19b3ac161b7b0bfa592959d"},
    {file = "ruff-0.0.257-py3-none-musllinux_1_2_x86_64.whl", hash = "sha256:3db8d77d5651a2c0d307102d717627a025d4488d406f54c2764b21cfbe11d822"},
    {file = "ruff-0.0.257-py3-none-win32.whl", hash = "sha256:d2c8755fa4f6c5e5ec032ad341ca3beeecd16786e12c3f26e6b0cc40418ae998"},
    {file = "ruff-0.0.257-py3-none-win_amd64.whl", hash = "sha256:3cec07d6fecb1ebbc45ea8eeb1047b929caa2f7dfb8dd4b0e1869ff789326da5"},
    {file = "ruff-0.0.257-py3-none-win_arm64.whl", hash = "sha256:352f1bdb9b433b3b389aee512ffb0b82226ae1e25b3d92e4eaf0e7be6b1b6f6a"},
    {file = "ruff-0.0.257.tar.gz", hash = "sha256:fedfd06a37ddc17449203c3e38fc83fb68de7f20b5daa0ee4e60d3599b38bab0"},
]

[[package]]
name = "six"
version = "1.16.0"
description = "Python 2 and 3 compatibility utilities"
optional = false
python-versions = ">=2.7, !=3.0.*, !=3.1.*, !=3.2.*"
files = [
    {file = "six-1.16.0-py2.py3-none-any.whl", hash = "sha256:8abb2f1d86890a2dfb989f9a77cfcfd3e47c2a354b01111771326f8aa26e0254"},
    {file = "six-1.16.0.tar.gz", hash = "sha256:1e61c37477a1626458e36f7b1d82aa5c9b094fa4802892072e49de9c60c4c926"},
]

[[package]]
name = "toml"
version = "0.10.2"
description = "Python Library for Tom's Obvious, Minimal Language"
optional = false
python-versions = ">=2.6, !=3.0.*, !=3.1.*, !=3.2.*"
files = [
    {file = "toml-0.10.2-py2.py3-none-any.whl", hash = "sha256:806143ae5bfb6a3c6e736a764057db0e6a0e05e338b5630894a5f779cabb4f9b"},
    {file = "toml-0.10.2.tar.gz", hash = "sha256:b3bda1d108d5dd99f4a20d24d9c348e91c4db7ab1b749200bded2f839ccbe68f"},
]

[[package]]
name = "tomli"
version = "2.0.1"
description = "A lil' TOML parser"
optional = false
python-versions = ">=3.7"
files = [
    {file = "tomli-2.0.1-py3-none-any.whl", hash = "sha256:939de3e7a6161af0c887ef91b7d41a53e7c5a1ca976325f429cb46ea9bc30ecc"},
    {file = "tomli-2.0.1.tar.gz", hash = "sha256:de526c12914f0c550d15924c62d72abc48d6fe7364aa87328337a31007fe8a4f"},
]

[[package]]
name = "typing-extensions"
version = "4.5.0"
description = "Backported and Experimental Type Hints for Python 3.7+"
optional = false
python-versions = ">=3.7"
files = [
    {file = "typing_extensions-4.5.0-py3-none-any.whl", hash = "sha256:fb33085c39dd998ac16d1431ebc293a8b3eedd00fd4a32de0ff79002c19511b4"},
    {file = "typing_extensions-4.5.0.tar.gz", hash = "sha256:5cb5f4a79139d699607b3ef622a1dedafa84e115ab0024e0d9c044a9479ca7cb"},
]

[metadata]
lock-version = "2.0"
python-versions = "^3.9"
content-hash = "7b50d5bcec54e2de49cfc21b55a80078a4ed0a4285c52b6ab3fdeab33503e3b4"
